
Microsoft Visual Studio Solution File, Format Version 12.00
# Visual Studio Version 17
VisualStudioVersion = 17.1.32421.90
MinimumVisualStudioVersion = 10.0.40219.1
Project("{9A19103F-16F7-4668-BE54-9A1E7A4F7556}") = "WebApp", "WebApp\WebApp.csproj", "{3DC454C0-79A8-40F7-A512-6E238DDBA62B}"
EndProject
Project("{9A19103F-16F7-4668-BE54-9A1E7A4F7556}") = "Service", "Service\Service.csproj", "{9F64EA07-E5A7-4AD6-BF69-88F9B9C3939B}"
EndProject
Project("{9A19103F-16F7-4668-BE54-9A1E7A4F7556}") = "Domain", "Domain\Domain.csproj", "{DE949104-37E3-4EF4-9214-A24655C8E2BF}"
EndProject
Global
	GlobalSection(SolutionConfigurationPlatforms) = preSolution
		Debug|Any CPU = Debug|Any CPU
		Release|Any CPU = Release|Any CPU
	EndGlobalSection
	GlobalSection(ProjectConfigurationPlatforms) = postSolution
		{3DC454C0-79A8-40F7-A512-6E238DDBA62B}.Debug|Any CPU.ActiveCfg = Debug|Any CPU
		{3DC454C0-79A8-40F7-A512-6E238DDBA62B}.Debug|Any CPU.Build.0 = Debug|Any CPU
		{3DC454C0-79A8-40F7-A512-6E238DDBA62B}.Release|Any CPU.ActiveCfg = Release|Any CPU
		{3DC454C0-79A8-40F7-A512-6E238DDBA62B}.Release|Any CPU.Build.0 = Release|Any CPU
		{9F64EA07-E5A7-4AD6-BF69-88F9B9C3939B}.Debug|Any CPU.ActiveCfg = Debug|Any CPU
		{9F64EA07-E5A7-4AD6-BF69-88F9B9C3939B}.Debug|Any CPU.Build.0 = Debug|Any CPU
		{9F64EA07-E5A7-4AD6-BF69-88F9B9C3939B}.Release|Any CPU.ActiveCfg = Release|Any CPU
		{9F64EA07-E5A7-4AD6-BF69-88F9B9C3939B}.Release|Any CPU.Build.0 = Release|Any CPU
		{DE949104-37E3-4EF4-9214-A24655C8E2BF}.Debug|Any CPU.ActiveCfg = Debug|Any CPU
		{DE949104-37E3-4EF4-9214-A24655C8E2BF}.Debug|Any CPU.Build.0 = Debug|Any CPU
		{DE949104-37E3-4EF4-9214-A24655C8E2BF}.Release|Any CPU.ActiveCfg = Release|Any CPU
		{DE949104-37E3-4EF4-9214-A24655C8E2BF}.Release|Any CPU.Build.0 = Release|Any CPU
	EndGlobalSection
	GlobalSection(SolutionProperties) = preSolution
		HideSolutionNode = FALSE
	EndGlobalSection
	GlobalSection(ExtensibilityGlobals) = postSolution
		SolutionGuid = {74175C06-D0FB-40A4-95D0-1545236BC218}
	EndGlobalSection
EndGlobal
